
Microsoft Visual Studio Solution File, Format Version 12.00
# Visual Studio Version 17
VisualStudioVersion = 17.1.32407.343
MinimumVisualStudioVersion = 10.0.40219.1
Project("{FAE04EC0-301F-11D3-BF4B-00C04F79EFBC}") = "order restaurant", "order restaurant\order restaurant.csproj", "{A44468B0-880E-43F6-9CE1-4DB9A85A49EA}"
EndProject
Global
	GlobalSection(SolutionConfigurationPlatforms) = preSolution
		Debug|Any CPU = Debug|Any CPU
		Release|Any CPU = Release|Any CPU
	EndGlobalSection
	GlobalSection(ProjectConfigurationPlatforms) = postSolution
		{A44468B0-880E-43F6-9CE1-4DB9A85A49EA}.Debug|Any CPU.ActiveCfg = Debug|Any CPU
		{A44468B0-880E-43F6-9CE1-4DB9A85A49EA}.Debug|Any CPU.Build.0 = Debug|Any CPU
		{A44468B0-880E-43F6-9CE1-4DB9A85A49EA}.Release|Any CPU.ActiveCfg = Release|Any CPU
		{A44468B0-880E-43F6-9CE1-4DB9A85A49EA}.Release|Any CPU.Build.0 = Release|Any CPU
	EndGlobalSection
	GlobalSection(SolutionProperties) = preSolution
		HideSolutionNode = FALSE
	EndGlobalSection
	GlobalSection(ExtensibilityGlobals) = postSolution
		SolutionGuid = {2D5C6EDB-4DF9-4640-9686-D6CB9EDD9364}
	EndGlobalSection
EndGlobal
